
Microsoft Visual Studio Solution File, Format Version 12.00
# Visual Studio 15
VisualStudioVersion = 15.0.28307.572
MinimumVisualStudioVersion = 10.0.40219.1
Project("{FAE04EC0-301F-11D3-BF4B-00C04F79EFBC}") = "CRUDWithAngulaJS", "CRUDWithAngulaJS\CRUDWithAngulaJS.csproj", "{470E3FD3-4FB5-47D2-A52F-0814D0565FEE}"
EndProject
Global
	GlobalSection(SolutionConfigurationPlatforms) = preSolution
		Debug|Any CPU = Debug|Any CPU
		Release|Any CPU = Release|Any CPU
	EndGlobalSection
	GlobalSection(ProjectConfigurationPlatforms) = postSolution
		{470E3FD3-4FB5-47D2-A52F-0814D0565FEE}.Debug|Any CPU.ActiveCfg = Debug|Any CPU
		{470E3FD3-4FB5-47D2-A52F-0814D0565FEE}.Debug|Any CPU.Build.0 = Debug|Any CPU
		{470E3FD3-4FB5-47D2-A52F-0814D0565FEE}.Release|Any CPU.ActiveCfg = Release|Any CPU
		{470E3FD3-4FB5-47D2-A52F-0814D0565FEE}.Release|Any CPU.Build.0 = Release|Any CPU
	EndGlobalSection
	GlobalSection(SolutionProperties) = preSolution
		HideSolutionNode = FALSE
	EndGlobalSection
	GlobalSection(ExtensibilityGlobals) = postSolution
		SolutionGuid = {D1705609-A27D-4618-95E1-2ED0AEF20681}
	EndGlobalSection
EndGlobal
